
Microsoft Visual Studio Solution File, Format Version 12.00
# Visual Studio Version 17
VisualStudioVersion = 17.4.33213.308
MinimumVisualStudioVersion = 10.0.40219.1
Project("{FAE04EC0-301F-11D3-BF4B-00C04F79EFBC}") = "PDC03Module3.Android", "PDC03Module3\PDC03Module3.Android\PDC03Module3.Android.csproj", "{F665377F-5AD9-4B5A-B078-491DAC5960D9}"
EndProject
Project("{FAE04EC0-301F-11D3-BF4B-00C04F79EFBC}") = "PDC03Module3", "PDC03Module3\PDC03Module3\PDC03Module3.csproj", "{F0BBD6A6-F07F-4997-BDE0-3F10CC192B88}"
EndProject
Global
	GlobalSection(SolutionConfigurationPlatforms) = preSolution
		Debug|Any CPU = Debug|Any CPU
		Release|Any CPU = Release|Any CPU
	EndGlobalSection
	GlobalSection(ProjectConfigurationPlatforms) = postSolution
		{F665377F-5AD9-4B5A-B078-491DAC5960D9}.Debug|Any CPU.ActiveCfg = Debug|Any CPU
		{F665377F-5AD9-4B5A-B078-491DAC5960D9}.Debug|Any CPU.Build.0 = Debug|Any CPU
		{F665377F-5AD9-4B5A-B078-491DAC5960D9}.Debug|Any CPU.Deploy.0 = Debug|Any CPU
		{F665377F-5AD9-4B5A-B078-491DAC5960D9}.Release|Any CPU.ActiveCfg = Release|Any CPU
		{F665377F-5AD9-4B5A-B078-491DAC5960D9}.Release|Any CPU.Build.0 = Release|Any CPU
		{F665377F-5AD9-4B5A-B078-491DAC5960D9}.Release|Any CPU.Deploy.0 = Release|Any CPU
		{F0BBD6A6-F07F-4997-BDE0-3F10CC192B88}.Debug|Any CPU.ActiveCfg = Debug|Any CPU
		{F0BBD6A6-F07F-4997-BDE0-3F10CC192B88}.Debug|Any CPU.Build.0 = Debug|Any CPU
		{F0BBD6A6-F07F-4997-BDE0-3F10CC192B88}.Debug|Any CPU.Deploy.0 = Debug|Any CPU
		{F0BBD6A6-F07F-4997-BDE0-3F10CC192B88}.Release|Any CPU.ActiveCfg = Release|Any CPU
		{F0BBD6A6-F07F-4997-BDE0-3F10CC192B88}.Release|Any CPU.Build.0 = Release|Any CPU
		{F0BBD6A6-F07F-4997-BDE0-3F10CC192B88}.Release|Any CPU.Deploy.0 = Release|Any CPU
	EndGlobalSection
	GlobalSection(SolutionProperties) = preSolution
		HideSolutionNode = FALSE
	EndGlobalSection
	GlobalSection(ExtensibilityGlobals) = postSolution
		SolutionGuid = {807D9E79-A1E1-4B3D-A9FB-077599665581}
	EndGlobalSection
EndGlobal
